
Microsoft Visual Studio Solution File, Format Version 12.00
# Visual Studio Version 16
VisualStudioVersion = 16.0.30717.126
MinimumVisualStudioVersion = 10.0.40219.1
Project("{9A19103F-16F7-4668-BE54-9A1E7A4F7556}") = "BC.Server", "BC\Server\BC.Server.csproj", "{DDA80356-52EA-4DA3-B76D-1E882FC42C7A}"
EndProject
Project("{9A19103F-16F7-4668-BE54-9A1E7A4F7556}") = "BC.Client", "BC\Client\BC.Client.csproj", "{FEE03963-D7FA-4B53-8481-9D9B81B4F00F}"
EndProject
Project("{9A19103F-16F7-4668-BE54-9A1E7A4F7556}") = "BC.Shared", "BC\Shared\BC.Shared.csproj", "{8DE65030-077E-4381-ACD6-882E2D8D92E7}"
EndProject
Global
	GlobalSection(SolutionConfigurationPlatforms) = preSolution
		Debug|Any CPU = Debug|Any CPU
		Release|Any CPU = Release|Any CPU
	EndGlobalSection
	GlobalSection(ProjectConfigurationPlatforms) = postSolution
		{DDA80356-52EA-4DA3-B76D-1E882FC42C7A}.Debug|Any CPU.ActiveCfg = Debug|Any CPU
		{DDA80356-52EA-4DA3-B76D-1E882FC42C7A}.Debug|Any CPU.Build.0 = Debug|Any CPU
		{DDA80356-52EA-4DA3-B76D-1E882FC42C7A}.Release|Any CPU.ActiveCfg = Release|Any CPU
		{DDA80356-52EA-4DA3-B76D-1E882FC42C7A}.Release|Any CPU.Build.0 = Release|Any CPU
		{FEE03963-D7FA-4B53-8481-9D9B81B4F00F}.Debug|Any CPU.ActiveCfg = Debug|Any CPU
		{FEE03963-D7FA-4B53-8481-9D9B81B4F00F}.Debug|Any CPU.Build.0 = Debug|Any CPU
		{FEE03963-D7FA-4B53-8481-9D9B81B4F00F}.Release|Any CPU.ActiveCfg = Release|Any CPU
		{FEE03963-D7FA-4B53-8481-9D9B81B4F00F}.Release|Any CPU.Build.0 = Release|Any CPU
		{8DE65030-077E-4381-ACD6-882E2D8D92E7}.Debug|Any CPU.ActiveCfg = Debug|Any CPU
		{8DE65030-077E-4381-ACD6-882E2D8D92E7}.Debug|Any CPU.Build.0 = Debug|Any CPU
		{8DE65030-077E-4381-ACD6-882E2D8D92E7}.Release|Any CPU.ActiveCfg = Release|Any CPU
		{8DE65030-077E-4381-ACD6-882E2D8D92E7}.Release|Any CPU.Build.0 = Release|Any CPU
	EndGlobalSection
	GlobalSection(SolutionProperties) = preSolution
		HideSolutionNode = FALSE
	EndGlobalSection
	GlobalSection(ExtensibilityGlobals) = postSolution
		SolutionGuid = {B9B9AB5E-1348-4D29-8C90-2EF5E1F272BA}
	EndGlobalSection
EndGlobal
